
Microsoft Visual Studio Solution File, Format Version 12.00
# Visual Studio Version 16
VisualStudioVersion = 16.0.31410.357
MinimumVisualStudioVersion = 10.0.40219.1
Project("{FAE04EC0-301F-11D3-BF4B-00C04F79EFBC}") = "ExpenseTracker.UWP", "ExpenseTracker\ExpenseTracker.UWP\ExpenseTracker.UWP.csproj", "{89F2DFD6-A7C9-4141-843E-9EA01E164296}"
EndProject
Project("{FAE04EC0-301F-11D3-BF4B-00C04F79EFBC}") = "ExpenseTracker.Android", "ExpenseTracker\ExpenseTracker.Android\ExpenseTracker.Android.csproj", "{DBEC0ADE-6FBF-4CA3-BD0F-8200B741FD93}"
EndProject
Project("{FAE04EC0-301F-11D3-BF4B-00C04F79EFBC}") = "ExpenseTracker.iOS", "ExpenseTracker\ExpenseTracker.iOS\ExpenseTracker.iOS.csproj", "{3D07B75E-70C7-4DCB-B22E-A844FAB3FDD5}"
EndProject
Project("{FAE04EC0-301F-11D3-BF4B-00C04F79EFBC}") = "ExpenseTracker", "ExpenseTracker\ExpenseTracker\ExpenseTracker.csproj", "{CAA0AB55-58B3-4CF9-9A05-C4E915C41333}"
EndProject
Global
	GlobalSection(SolutionConfigurationPlatforms) = preSolution
		Debug|Any CPU = Debug|Any CPU
		Debug|ARM = Debug|ARM
		Debug|iPhone = Debug|iPhone
		Debug|iPhoneSimulator = Debug|iPhoneSimulator
		Debug|x64 = Debug|x64
		Debug|x86 = Debug|x86
		Release|Any CPU = Release|Any CPU
		Release|ARM = Release|ARM
		Release|iPhone = Release|iPhone
		Release|iPhoneSimulator = Release|iPhoneSimulator
		Release|x64 = Release|x64
		Release|x86 = Release|x86
	EndGlobalSection
	GlobalSection(ProjectConfigurationPlatforms) = postSolution
		{89F2DFD6-A7C9-4141-843E-9EA01E164296}.Debug|Any CPU.ActiveCfg = Debug|x86
		{89F2DFD6-A7C9-4141-843E-9EA01E164296}.Debug|Any CPU.Build.0 = Debug|x86
		{89F2DFD6-A7C9-4141-843E-9EA01E164296}.Debug|Any CPU.Deploy.0 = Debug|x86
		{89F2DFD6-A7C9-4141-843E-9EA01E164296}.Debug|ARM.ActiveCfg = Debug|ARM
		{89F2DFD6-A7C9-4141-843E-9EA01E164296}.Debug|ARM.Build.0 = Debug|ARM
		{89F2DFD6-A7C9-4141-843E-9EA01E164296}.Debug|ARM.Deploy.0 = Debug|ARM
		{89F2DFD6-A7C9-4141-843E-9EA01E164296}.Debug|iPhone.ActiveCfg = Debug|x86
		{89F2DFD6-A7C9-4141-843E-9EA01E164296}.Debug|iPhone.Build.0 = Debug|x86
		{89F2DFD6-A7C9-4141-843E-9EA01E164296}.Debug|iPhone.Deploy.0 = Debug|x86
		{89F2DFD6-A7C9-4141-843E-9EA01E164296}.Debug|iPhoneSimulator.ActiveCfg = Debug|x86
		{89F2DFD6-A7C9-4141-843E-9EA01E164296}.Debug|iPhoneSimulator.Build.0 = Debug|x86
		{89F2DFD6-A7C9-4141-843E-9EA01E164296}.Debug|iPhoneSimulator.Deploy.0 = Debug|x86
		{89F2DFD6-A7C9-4141-843E-9EA01E164296}.Debug|x64.ActiveCfg = Debug|x64
		{89F2DFD6-A7C9-4141-843E-9EA01E164296}.Debug|x64.Build.0 = Debug|x64
		{89F2DFD6-A7C9-4141-843E-9EA01E164296}.Debug|x64.Deploy.0 = Debug|x64
		{89F2DFD6-A7C9-4141-843E-9EA01E164296}.Debug|x86.ActiveCfg = Debug|x86
		{89F2DFD6-A7C9-4141-843E-9EA01E164296}.Debug|x86.Build.0 = Debug|x86
		{89F2DFD6-A7C9-4141-843E-9EA01E164296}.Debug|x86.Deploy.0 = Debug|x86
		{89F2DFD6-A7C9-4141-843E-9EA01E164296}.Release|Any CPU.ActiveCfg = Release|x86
		{89F2DFD6-A7C9-4141-843E-9EA01E164296}.Release|Any CPU.Build.0 = Release|x86
		{89F2DFD6-A7C9-4141-843E-9EA01E164296}.Release|Any CPU.Deploy.0 = Release|x86
		{89F2DFD6-A7C9-4141-843E-9EA01E164296}.Release|ARM.ActiveCfg = Release|ARM
		{89F2DFD6-A7C9-4141-843E-9EA01E164296}.Release|ARM.Build.0 = Release|ARM
		{89F2DFD6-A7C9-4141-843E-9EA01E164296}.Release|ARM.Deploy.0 = Release|ARM
		{89F2DFD6-A7C9-4141-843E-9EA01E164296}.Release|iPhone.ActiveCfg = Release|x86
		{89F2DFD6-A7C9-4141-843E-9EA01E164296}.Release|iPhone.Build.0 = Release|x86
		{89F2DFD6-A7C9-4141-843E-9EA01E164296}.Release|iPhone.Deploy.0 = Release|x86
		{89F2DFD6-A7C9-4141-843E-9EA01E164296}.Release|iPhoneSimulator.ActiveCfg = Release|x86
		{89F2DFD6-A7C9-4141-843E-9EA01E164296}.Release|iPhoneSimulator.Build.0 = Release|x86
		{89F2DFD6-A7C9-4141-843E-9EA01E164296}.Release|iPhoneSimulator.Deploy.0 = Release|x86
		{89F2DFD6-A7C9-4141-843E-9EA01E164296}.Release|x64.ActiveCfg = Release|x64
		{89F2DFD6-A7C9-4141-843E-9EA01E164296}.Release|x64.Build.0 = Release|x64
		{89F2DFD6-A7C9-4141-843E-9EA01E164296}.Release|x64.Deploy.0 = Release|x64
		{89F2DFD6-A7C9-4141-843E-9EA01E164296}.Release|x86.ActiveCfg = Release|x86
		{89F2DFD6-A7C9-4141-843E-9EA01E164296}.Release|x86.Build.0 = Release|x86
		{89F2DFD6-A7C9-4141-843E-9EA01E164296}.Release|x86.Deploy.0 = Release|x86
		{DBEC0ADE-6FBF-4CA3-BD0F-8200B741FD93}.Debug|Any CPU.ActiveCfg = Debug|Any CPU
		{DBEC0ADE-6FBF-4CA3-BD0F-8200B741FD93}.Debug|Any CPU.Build.0 = Debug|Any CPU
		{DBEC0ADE-6FBF-4CA3-BD0F-8200B741FD93}.Debug|Any CPU.Deploy.0 = Debug|Any CPU
		{DBEC0ADE-6FBF-4CA3-BD0F-8200B741FD93}.Debug|ARM.ActiveCfg = Debug|Any CPU
		{DBEC0ADE-6FBF-4CA3-BD0F-8200B741FD93}.Debug|ARM.Build.0 = Debug|Any CPU
		{DBEC0ADE-6FBF-4CA3-BD0F-8200B741FD93}.Debug|ARM.Deploy.0 = Debug|Any CPU
		{DBEC0ADE-6FBF-4CA3-BD0F-8200B741FD93}.Debug|iPhone.ActiveCfg = Debug|Any CPU
		{DBEC0ADE-6FBF-4CA3-BD0F-8200B741FD93}.Debug|iPhone.Build.0 = Debug|Any CPU
		{DBEC0ADE-6FBF-4CA3-BD0F-8200B741FD93}.Debug|iPhone.Deploy.0 = Debug|Any CPU
		{DBEC0ADE-6FBF-4CA3-BD0F-8200B741FD93}.Debug|iPhoneSimulator.ActiveCfg = Debug|Any CPU
		{DBEC0ADE-6FBF-4CA3-BD0F-8200B741FD93}.Debug|iPhoneSimulator.Build.0 = Debug|Any CPU
		{DBEC0ADE-6FBF-4CA3-BD0F-8200B741FD93}.Debug|iPhoneSimulator.Deploy.0 = Debug|Any CPU
		{DBEC0ADE-6FBF-4CA3-BD0F-8200B741FD93}.Debug|x64.ActiveCfg = Debug|Any CPU
		{DBEC0ADE-6FBF-4CA3-BD0F-8200B741FD93}.Debug|x64.Build.0 = Debug|Any CPU
		{DBEC0ADE-6FBF-4CA3-BD0F-8200B741FD93}.Debug|x64.Deploy.0 = Debug|Any CPU
		{DBEC0ADE-6FBF-4CA3-BD0F-8200B741FD93}.Debug|x86.ActiveCfg = Debug|Any CPU
		{DBEC0ADE-6FBF-4CA3-BD0F-8200B741FD93}.Debug|x86.Build.0 = Debug|Any CPU
		{DBEC0ADE-6FBF-4CA3-BD0F-8200B741FD93}.Debug|x86.Deploy.0 = Debug|Any CPU
		{DBEC0ADE-6FBF-4CA3-BD0F-8200B741FD93}.Release|Any CPU.ActiveCfg = Release|Any CPU
		{DBEC0ADE-6FBF-4CA3-BD0F-8200B741FD93}.Release|Any CPU.Build.0 = Release|Any CPU
		{DBEC0ADE-6FBF-4CA3-BD0F-8200B741FD93}.Release|Any CPU.Deploy.0 = Release|Any CPU
		{DBEC0ADE-6FBF-4CA3-BD0F-8200B741FD93}.Release|ARM.ActiveCfg = Release|Any CPU
		{DBEC0ADE-6FBF-4CA3-BD0F-8200B741FD93}.Release|ARM.Build.0 = Release|Any CPU
		{DBEC0ADE-6FBF-4CA3-BD0F-8200B741FD93}.Release|ARM.Deploy.0 = Release|Any CPU
		{DBEC0ADE-6FBF-4CA3-BD0F-8200B741FD93}.Release|iPhone.ActiveCfg = Release|Any CPU
		{DBEC0ADE-6FBF-4CA3-BD0F-8200B741FD93}.Release|iPhone.Build.0 = Release|Any CPU
		{DBEC0ADE-6FBF-4CA3-BD0F-8200B741FD93}.Release|iPhone.Deploy.0 = Release|Any CPU
		{DBEC0ADE-6FBF-4CA3-BD0F-8200B741FD93}.Release|iPhoneSimulator.ActiveCfg = Release|Any CPU
		{DBEC0ADE-6FBF-4CA3-BD0F-8200B741FD93}.Release|iPhoneSimulator.Build.0 = Release|Any CPU
		{DBEC0ADE-6FBF-4CA3-BD0F-8200B741FD93}.Release|iPhoneSimulator.Deploy.0 = Release|Any CPU
		{DBEC0ADE-6FBF-4CA3-BD0F-8200B741FD93}.Release|x64.ActiveCfg = Release|Any CPU
		{DBEC0ADE-6FBF-4CA3-BD0F-8200B741FD93}.Release|x64.Build.0 = Release|Any CPU
		{DBEC0ADE-6FBF-4CA3-BD0F-8200B741FD93}.Release|x64.Deploy.0 = Release|Any CPU
		{DBEC0ADE-6FBF-4CA3-BD0F-8200B741FD93}.Release|x86.ActiveCfg = Release|Any CPU
		{DBEC0ADE-6FBF-4CA3-BD0F-8200B741FD93}.Release|x86.Build.0 = Release|Any CPU
		{DBEC0ADE-6FBF-4CA3-BD0F-8200B741FD93}.Release|x86.Deploy.0 = Release|Any CPU
		{3D07B75E-70C7-4DCB-B22E-A844FAB3FDD5}.Debug|Any CPU.ActiveCfg = Debug|iPhoneSimulator
		{3D07B75E-70C7-4DCB-B22E-A844FAB3FDD5}.Debug|Any CPU.Build.0 = Debug|iPhoneSimulator
		{3D07B75E-70C7-4DCB-B22E-A844FAB3FDD5}.Debug|Any CPU.Deploy.0 = Debug|iPhoneSimulator
		{3D07B75E-70C7-4DCB-B22E-A844FAB3FDD5}.Debug|ARM.ActiveCfg = Debug|iPhone
		{3D07B75E-70C7-4DCB-B22E-A844FAB3FDD5}.Debug|ARM.Build.0 = Debug|iPhone
		{3D07B75E-70C7-4DCB-B22E-A844FAB3FDD5}.Debug|ARM.Deploy.0 = Debug|iPhone
		{3D07B75E-70C7-4DCB-B22E-A844FAB3FDD5}.Debug|iPhone.ActiveCfg = Debug|iPhone
		{3D07B75E-70C7-4DCB-B22E-A844FAB3FDD5}.Debug|iPhone.Build.0 = Debug|iPhone
		{3D07B75E-70C7-4DCB-B22E-A844FAB3FDD5}.Debug|iPhone.Deploy.0 = Debug|iPhone
		{3D07B75E-70C7-4DCB-B22E-A844FAB3FDD5}.Debug|iPhoneSimulator.ActiveCfg = Debug|iPhoneSimulator
		{3D07B75E-70C7-4DCB-B22E-A844FAB3FDD5}.Debug|iPhoneSimulator.Build.0 = Debug|iPhoneSimulator
		{3D07B75E-70C7-4DCB-B22E-A844FAB3FDD5}.Debug|iPhoneSimulator.Deploy.0 = Debug|iPhoneSimulator
		{3D07B75E-70C7-4DCB-B22E-A844FAB3FDD5}.Debug|x64.ActiveCfg = Debug|iPhoneSimulator
		{3D07B75E-70C7-4DCB-B22E-A844FAB3FDD5}.Debug|x64.Build.0 = Debug|iPhoneSimulator
		{3D07B75E-70C7-4DCB-B22E-A844FAB3FDD5}.Debug|x64.Deploy.0 = Debug|iPhoneSimulator
		{3D07B75E-70C7-4DCB-B22E-A844FAB3FDD5}.Debug|x86.ActiveCfg = Debug|iPhoneSimulator
		{3D07B75E-70C7-4DCB-B22E-A844FAB3FDD5}.Debug|x86.Build.0 = Debug|iPhoneSimulator
		{3D07B75E-70C7-4DCB-B22E-A844FAB3FDD5}.Debug|x86.Deploy.0 = Debug|iPhoneSimulator
		{3D07B75E-70C7-4DCB-B22E-A844FAB3FDD5}.Release|Any CPU.ActiveCfg = Release|iPhoneSimulator
		{3D07B75E-70C7-4DCB-B22E-A844FAB3FDD5}.Release|Any CPU.Build.0 = Release|iPhoneSimulator
		{3D07B75E-70C7-4DCB-B22E-A844FAB3FDD5}.Release|Any CPU.Deploy.0 = Release|iPhoneSimulator
		{3D07B75E-70C7-4DCB-B22E-A844FAB3FDD5}.Release|ARM.ActiveCfg = Release|iPhoneSimulator
		{3D07B75E-70C7-4DCB-B22E-A844FAB3FDD5}.Release|ARM.Build.0 = Release|iPhoneSimulator
		{3D07B75E-70C7-4DCB-B22E-A844FAB3FDD5}.Release|ARM.Deploy.0 = Release|iPhoneSimulator
		{3D07B75E-70C7-4DCB-B22E-A844FAB3FDD5}.Release|iPhone.ActiveCfg = Release|iPhone
		{3D07B75E-70C7-4DCB-B22E-A844FAB3FDD5}.Release|iPhone.Build.0 = Release|iPhone
		{3D07B75E-70C7-4DCB-B22E-A844FAB3FDD5}.Release|iPhone.Deploy.0 = Release|iPhone
		{3D07B75E-70C7-4DCB-B22E-A844FAB3FDD5}.Release|iPhoneSimulator.ActiveCfg = Release|iPhoneSimulator
		{3D07B75E-70C7-4DCB-B22E-A844FAB3FDD5}.Release|iPhoneSimulator.Build.0 = Release|iPhoneSimulator
		{3D07B75E-70C7-4DCB-B22E-A844FAB3FDD5}.Release|iPhoneSimulator.Deploy.0 = Release|iPhoneSimulator
		{3D07B75E-70C7-4DCB-B22E-A844FAB3FDD5}.Release|x64.ActiveCfg = Release|iPhoneSimulator
		{3D07B75E-70C7-4DCB-B22E-A844FAB3FDD5}.Release|x64.Build.0 = Release|iPhoneSimulator
		{3D07B75E-70C7-4DCB-B22E-A844FAB3FDD5}.Release|x64.Deploy.0 = Release|iPhoneSimulator
		{3D07B75E-70C7-4DCB-B22E-A844FAB3FDD5}.Release|x86.ActiveCfg = Release|iPhoneSimulator
		{3D07B75E-70C7-4DCB-B22E-A844FAB3FDD5}.Release|x86.Build.0 = Release|iPhoneSimulator
		{3D07B75E-70C7-4DCB-B22E-A844FAB3FDD5}.Release|x86.Deploy.0 = Release|iPhoneSimulator
		{CAA0AB55-58B3-4CF9-9A05-C4E915C41333}.Debug|Any CPU.ActiveCfg = Debug|Any CPU
		{CAA0AB55-58B3-4CF9-9A05-C4E915C41333}.Debug|Any CPU.Build.0 = Debug|Any CPU
		{CAA0AB55-58B3-4CF9-9A05-C4E915C41333}.Debug|Any CPU.Deploy.0 = Debug|Any CPU
		{CAA0AB55-58B3-4CF9-9A05-C4E915C41333}.Debug|ARM.ActiveCfg = Debug|Any CPU
		{CAA0AB55-58B3-4CF9-9A05-C4E915C41333}.Debug|ARM.Build.0 = Debug|Any CPU
		{CAA0AB55-58B3-4CF9-9A05-C4E915C41333}.Debug|ARM.Deploy.0 = Debug|Any CPU
		{CAA0AB55-58B3-4CF9-9A05-C4E915C41333}.Debug|iPhone.ActiveCfg = Debug|Any CPU
		{CAA0AB55-58B3-4CF9-9A05-C4E915C41333}.Debug|iPhone.Build.0 = Debug|Any CPU
		{CAA0AB55-58B3-4CF9-9A05-C4E915C41333}.Debug|iPhone.Deploy.0 = Debug|Any CPU
		{CAA0AB55-58B3-4CF9-9A05-C4E915C41333}.Debug|iPhoneSimulator.ActiveCfg = Debug|Any CPU
		{CAA0AB55-58B3-4CF9-9A05-C4E915C41333}.Debug|iPhoneSimulator.Build.0 = Debug|Any CPU
		{CAA0AB55-58B3-4CF9-9A05-C4E915C41333}.Debug|iPhoneSimulator.Deploy.0 = Debug|Any CPU
		{CAA0AB55-58B3-4CF9-9A05-C4E915C41333}.Debug|x64.ActiveCfg = Debug|Any CPU
		{CAA0AB55-58B3-4CF9-9A05-C4E915C41333}.Debug|x64.Build.0 = Debug|Any CPU
		{CAA0AB55-58B3-4CF9-9A05-C4E915C41333}.Debug|x64.Deploy.0 = Debug|Any CPU
		{CAA0AB55-58B3-4CF9-9A05-C4E915C41333}.Debug|x86.ActiveCfg = Debug|Any CPU
		{CAA0AB55-58B3-4CF9-9A05-C4E915C41333}.Debug|x86.Build.0 = Debug|Any CPU
		{CAA0AB55-58B3-4CF9-9A05-C4E915C41333}.Debug|x86.Deploy.0 = Debug|Any CPU
		{CAA0AB55-58B3-4CF9-9A05-C4E915C41333}.Release|Any CPU.ActiveCfg = Release|Any CPU
		{CAA0AB55-58B3-4CF9-9A05-C4E915C41333}.Release|Any CPU.Build.0 = Release|Any CPU
		{CAA0AB55-58B3-4CF9-9A05-C4E915C41333}.Release|Any CPU.Deploy.0 = Release|Any CPU
		{CAA0AB55-58B3-4CF9-9A05-C4E915C41333}.Release|ARM.ActiveCfg = Release|Any CPU
		{CAA0AB55-58B3-4CF9-9A05-C4E915C41333}.Release|ARM.Build.0 = Release|Any CPU
		{CAA0AB55-58B3-4CF9-9A05-C4E915C41333}.Release|ARM.Deploy.0 = Release|Any CPU
		{CAA0AB55-58B3-4CF9-9A05-C4E915C41333}.Release|iPhone.ActiveCfg = Release|Any CPU
		{CAA0AB55-58B3-4CF9-9A05-C4E915C41333}.Release|iPhone.Build.0 = Release|Any CPU
		{CAA0AB55-58B3-4CF9-9A05-C4E915C41333}.Release|iPhone.Deploy.0 = Release|Any CPU
		{CAA0AB55-58B3-4CF9-9A05-C4E915C41333}.Release|iPhoneSimulator.ActiveCfg = Release|Any CPU
		{CAA0AB55-58B3-4CF9-9A05-C4E915C41333}.Release|iPhoneSimulator.Build.0 = Release|Any CPU
		{CAA0AB55-58B3-4CF9-9A05-C4E915C41333}.Release|iPhoneSimulator.Deploy.0 = Release|Any CPU
		{CAA0AB55-58B3-4CF9-9A05-C4E915C41333}.Release|x64.ActiveCfg = Release|Any CPU
		{CAA0AB55-58B3-4CF9-9A05-C4E915C41333}.Release|x64.Build.0 = Release|Any CPU
		{CAA0AB55-58B3-4CF9-9A05-C4E915C41333}.Release|x64.Deploy.0 = Release|Any CPU
		{CAA0AB55-58B3-4CF9-9A05-C4E915C41333}.Release|x86.ActiveCfg = Release|Any CPU
		{CAA0AB55-58B3-4CF9-9A05-C4E915C41333}.Release|x86.Build.0 = Release|Any CPU
		{CAA0AB55-58B3-4CF9-9A05-C4E915C41333}.Release|x86.Deploy.0 = Release|Any CPU
	EndGlobalSection
	GlobalSection(SolutionProperties) = preSolution
		HideSolutionNode = FALSE
	EndGlobalSection
	GlobalSection(ExtensibilityGlobals) = postSolution
		SolutionGuid = {2DDFE19A-781C-4EB3-A05C-DBD8FF4ABF3A}
	EndGlobalSection
EndGlobal
